
Microsoft Visual Studio Solution File, Format Version 12.00
# Visual Studio Version 16
VisualStudioVersion = 16.0.29209.62
MinimumVisualStudioVersion = 10.0.40219.1
Project("{FAE04EC0-301F-11D3-BF4B-00C04F79EFBC}") = "ObligatoriskIgjen", "ObligatoriskIgjen\ObligatoriskIgjen.csproj", "{32D70EEE-127E-4713-ACF4-6C5CEDFE4435}"
EndProject
Global
	GlobalSection(SolutionConfigurationPlatforms) = preSolution
		Debug|Any CPU = Debug|Any CPU
		Release|Any CPU = Release|Any CPU
	EndGlobalSection
	GlobalSection(ProjectConfigurationPlatforms) = postSolution
		{32D70EEE-127E-4713-ACF4-6C5CEDFE4435}.Debug|Any CPU.ActiveCfg = Debug|Any CPU
		{32D70EEE-127E-4713-ACF4-6C5CEDFE4435}.Debug|Any CPU.Build.0 = Debug|Any CPU
		{32D70EEE-127E-4713-ACF4-6C5CEDFE4435}.Release|Any CPU.ActiveCfg = Release|Any CPU
		{32D70EEE-127E-4713-ACF4-6C5CEDFE4435}.Release|Any CPU.Build.0 = Release|Any CPU
	EndGlobalSection
	GlobalSection(SolutionProperties) = preSolution
		HideSolutionNode = FALSE
	EndGlobalSection
	GlobalSection(ExtensibilityGlobals) = postSolution
		SolutionGuid = {04958B20-31A6-4D8B-97CF-942E59A64F87}
	EndGlobalSection
EndGlobal
