
Microsoft Visual Studio Solution File, Format Version 12.00
# Visual Studio Version 16
VisualStudioVersion = 16.0.29201.188
MinimumVisualStudioVersion = 10.0.40219.1
Project("{FAE04EC0-301F-11D3-BF4B-00C04F79EFBC}") = "Rainbowz", "Rainbowz\Rainbowz.csproj", "{00167B0E-E611-49CE-8341-6B4857325B42}"
EndProject
Global
	GlobalSection(SolutionConfigurationPlatforms) = preSolution
		Debug|Any CPU = Debug|Any CPU
		Release|Any CPU = Release|Any CPU
	EndGlobalSection
	GlobalSection(ProjectConfigurationPlatforms) = postSolution
		{00167B0E-E611-49CE-8341-6B4857325B42}.Debug|Any CPU.ActiveCfg = Debug|Any CPU
		{00167B0E-E611-49CE-8341-6B4857325B42}.Debug|Any CPU.Build.0 = Debug|Any CPU
		{00167B0E-E611-49CE-8341-6B4857325B42}.Release|Any CPU.ActiveCfg = Release|Any CPU
		{00167B0E-E611-49CE-8341-6B4857325B42}.Release|Any CPU.Build.0 = Release|Any CPU
	EndGlobalSection
	GlobalSection(SolutionProperties) = preSolution
		HideSolutionNode = FALSE
	EndGlobalSection
	GlobalSection(ExtensibilityGlobals) = postSolution
		SolutionGuid = {7EE67603-AFDB-4117-B335-C1C903ED32E2}
	EndGlobalSection
EndGlobal
