
Microsoft Visual Studio Solution File, Format Version 12.00
# Visual Studio Version 16
VisualStudioVersion = 16.0.28922.388
MinimumVisualStudioVersion = 10.0.40219.1
Project("{FAE04EC0-301F-11D3-BF4B-00C04F79EFBC}") = "BasicCS4", "BasicCS4\BasicCS4.csproj", "{BF2959C5-94BB-45B0-A80A-903E8AACA7DA}"
EndProject
Global
	GlobalSection(SolutionConfigurationPlatforms) = preSolution
		Debug|Any CPU = Debug|Any CPU
		Release|Any CPU = Release|Any CPU
	EndGlobalSection
	GlobalSection(ProjectConfigurationPlatforms) = postSolution
		{BF2959C5-94BB-45B0-A80A-903E8AACA7DA}.Debug|Any CPU.ActiveCfg = Debug|Any CPU
		{BF2959C5-94BB-45B0-A80A-903E8AACA7DA}.Debug|Any CPU.Build.0 = Debug|Any CPU
		{BF2959C5-94BB-45B0-A80A-903E8AACA7DA}.Release|Any CPU.ActiveCfg = Release|Any CPU
		{BF2959C5-94BB-45B0-A80A-903E8AACA7DA}.Release|Any CPU.Build.0 = Release|Any CPU
	EndGlobalSection
	GlobalSection(SolutionProperties) = preSolution
		HideSolutionNode = FALSE
	EndGlobalSection
	GlobalSection(ExtensibilityGlobals) = postSolution
		SolutionGuid = {3F698098-D36A-4D91-BB96-9D31D520A21D}
	EndGlobalSection
EndGlobal
