
Microsoft Visual Studio Solution File, Format Version 12.00
# Visual Studio Version 16
VisualStudioVersion = 16.0.29201.188
MinimumVisualStudioVersion = 10.0.40219.1
Project("{FAE04EC0-301F-11D3-BF4B-00C04F79EFBC}") = "Nedtelling", "Nedtelling\Nedtelling.csproj", "{72EC4669-6C8C-41D3-B420-F6DC99CA58E4}"
EndProject
Global
	GlobalSection(SolutionConfigurationPlatforms) = preSolution
		Debug|Any CPU = Debug|Any CPU
		Release|Any CPU = Release|Any CPU
	EndGlobalSection
	GlobalSection(ProjectConfigurationPlatforms) = postSolution
		{72EC4669-6C8C-41D3-B420-F6DC99CA58E4}.Debug|Any CPU.ActiveCfg = Debug|Any CPU
		{72EC4669-6C8C-41D3-B420-F6DC99CA58E4}.Debug|Any CPU.Build.0 = Debug|Any CPU
		{72EC4669-6C8C-41D3-B420-F6DC99CA58E4}.Release|Any CPU.ActiveCfg = Release|Any CPU
		{72EC4669-6C8C-41D3-B420-F6DC99CA58E4}.Release|Any CPU.Build.0 = Release|Any CPU
	EndGlobalSection
	GlobalSection(SolutionProperties) = preSolution
		HideSolutionNode = FALSE
	EndGlobalSection
	GlobalSection(ExtensibilityGlobals) = postSolution
		SolutionGuid = {C2A5DE30-0233-4F90-84D9-CBE9D32405D1}
	EndGlobalSection
EndGlobal
