
Microsoft Visual Studio Solution File, Format Version 12.00
# Visual Studio Version 16
VisualStudioVersion = 16.0.29201.188
MinimumVisualStudioVersion = 10.0.40219.1
Project("{FAE04EC0-301F-11D3-BF4B-00C04F79EFBC}") = "ObligatorsikOppgave", "ObligatorsikOppgave\ObligatorsikOppgave.csproj", "{2C5B8FEA-1A3F-4C26-9F52-42384B2D5CC8}"
EndProject
Global
	GlobalSection(SolutionConfigurationPlatforms) = preSolution
		Debug|Any CPU = Debug|Any CPU
		Release|Any CPU = Release|Any CPU
	EndGlobalSection
	GlobalSection(ProjectConfigurationPlatforms) = postSolution
		{2C5B8FEA-1A3F-4C26-9F52-42384B2D5CC8}.Debug|Any CPU.ActiveCfg = Debug|Any CPU
		{2C5B8FEA-1A3F-4C26-9F52-42384B2D5CC8}.Debug|Any CPU.Build.0 = Debug|Any CPU
		{2C5B8FEA-1A3F-4C26-9F52-42384B2D5CC8}.Release|Any CPU.ActiveCfg = Release|Any CPU
		{2C5B8FEA-1A3F-4C26-9F52-42384B2D5CC8}.Release|Any CPU.Build.0 = Release|Any CPU
	EndGlobalSection
	GlobalSection(SolutionProperties) = preSolution
		HideSolutionNode = FALSE
	EndGlobalSection
	GlobalSection(ExtensibilityGlobals) = postSolution
		SolutionGuid = {69D8C11C-1864-4498-894A-D58A2832748B}
	EndGlobalSection
EndGlobal
